
Microsoft Visual Studio Solution File, Format Version 12.00
# Visual Studio Version 16
VisualStudioVersion = 16.0.32106.194
MinimumVisualStudioVersion = 10.0.40219.1
Project("{FAE04EC0-301F-11D3-BF4B-00C04F79EFBC}") = "DigitalTvillingKlima", "DigitalTvillingKlima.csproj", "{C90B6711-73D2-40C0-B7D3-82FCF064B3D9}"
EndProject
Project("{2150E333-8FDC-42A3-9474-1A3956D46DE8}") = "Modeler", "Modeler", "{D0A7B21C-FA1B-47AB-9836-553E43353A22}"
EndProject
Project("{2150E333-8FDC-42A3-9474-1A3956D46DE8}") = "Hjelpeklasser", "Hjelpeklasser", "{DAA86AC5-AD89-4861-A686-D007767B105B}"
EndProject
Global
	GlobalSection(SolutionConfigurationPlatforms) = preSolution
		Debug|Any CPU = Debug|Any CPU
		Release|Any CPU = Release|Any CPU
	EndGlobalSection
	GlobalSection(ProjectConfigurationPlatforms) = postSolution
		{C90B6711-73D2-40C0-B7D3-82FCF064B3D9}.Debug|Any CPU.ActiveCfg = Debug|Any CPU
		{C90B6711-73D2-40C0-B7D3-82FCF064B3D9}.Debug|Any CPU.Build.0 = Debug|Any CPU
		{C90B6711-73D2-40C0-B7D3-82FCF064B3D9}.Release|Any CPU.ActiveCfg = Release|Any CPU
		{C90B6711-73D2-40C0-B7D3-82FCF064B3D9}.Release|Any CPU.Build.0 = Release|Any CPU
	EndGlobalSection
	GlobalSection(SolutionProperties) = preSolution
		HideSolutionNode = FALSE
	EndGlobalSection
	GlobalSection(ExtensibilityGlobals) = postSolution
		SolutionGuid = {3A89C8DF-1CF5-4C23-A6BC-CB6E49351B55}
	EndGlobalSection
EndGlobal
